// !$*UTF8*$!
{
	archiveVersion = 1;
	classes = {
	};
	objectVersion = 50;
	objects = {

/* Begin PBXBuildFile section */
		5206B93825283C8C00BE4B88 /* AppDelegate.swift in Sources */ = {isa = PBXBuildFile; fileRef = 5206B93725283C8C00BE4B88 /* AppDelegate.swift */; };
		5206B93A25283C8C00BE4B88 /* SceneDelegate.swift in Sources */ = {isa = PBXBuildFile; fileRef = 5206B93925283C8C00BE4B88 /* SceneDelegate.swift */; };
		5206B93C25283C8C00BE4B88 /* ContentView.swift in Sources */ = {isa = PBXBuildFile; fileRef = 5206B93B25283C8C00BE4B88 /* ContentView.swift */; };
		5206B94125283C8E00BE4B88 /* Preview Assets.xcassets in Resources */ = {isa = PBXBuildFile; fileRef = 5206B94025283C8E00BE4B88 /* Preview Assets.xcassets */; };
		5206B94425283C8E00BE4B88 /* LaunchScreen.storyboard in Resources */ = {isa = PBXBuildFile; fileRef = 5206B94225283C8E00BE4B88 /* LaunchScreen.storyboard */; };
		5206B94F25283C8E00BE4B88 /* swiftuilearnTests.swift in Sources */ = {isa = PBXBuildFile; fileRef = 5206B94E25283C8E00BE4B88 /* swiftuilearnTests.swift */; };
		5206B95A25283C8E00BE4B88 /* swiftuilearnUITests.swift in Sources */ = {isa = PBXBuildFile; fileRef = 5206B95925283C8E00BE4B88 /* swiftuilearnUITests.swift */; };
		5206B96825283CB300BE4B88 /* Assets.xcassets in Resources */ = {isa = PBXBuildFile; fileRef = 5206B96725283CB300BE4B88 /* Assets.xcassets */; };
		52537D7125297477005C6899 /* Home.swift in Sources */ = {isa = PBXBuildFile; fileRef = 52537D7025297477005C6899 /* Home.swift */; };
		52537D732529AB78005C6899 /* HomeList.swift in Sources */ = {isa = PBXBuildFile; fileRef = 52537D722529AB78005C6899 /* HomeList.swift */; };
		52B90FE5252C7D73006D09B3 /* UpdateDetail.swift in Sources */ = {isa = PBXBuildFile; fileRef = 52B90FE4252C7D73006D09B3 /* UpdateDetail.swift */; };
		52B90FE7252CA508006D09B3 /* UpdateStore.swift in Sources */ = {isa = PBXBuildFile; fileRef = 52B90FE6252CA508006D09B3 /* UpdateStore.swift */; };
		52B90FE9252CB162006D09B3 /* tabBar.swift in Sources */ = {isa = PBXBuildFile; fileRef = 52B90FE8252CB162006D09B3 /* tabBar.swift */; };
		52B90FEB252CC1FB006D09B3 /* Settings.swift in Sources */ = {isa = PBXBuildFile; fileRef = 52B90FEA252CC1FB006D09B3 /* Settings.swift */; };
		52D5E215252A198600B14199 /* BlurView.swift in Sources */ = {isa = PBXBuildFile; fileRef = 52D5E214252A198600B14199 /* BlurView.swift */; };
		52D5E217252A22B900B14199 /* UpDateList.swift in Sources */ = {isa = PBXBuildFile; fileRef = 52D5E216252A22B900B14199 /* UpDateList.swift */; };
/* End PBXBuildFile section */

/* Begin PBXContainerItemProxy section */
		5206B94B25283C8E00BE4B88 /* PBXContainerItemProxy */ = {
			isa = PBXContainerItemProxy;
			containerPortal = 5206B92C25283C8C00BE4B88 /* Project object */;
			proxyType = 1;
			remoteGlobalIDString = 5206B93325283C8C00BE4B88;
			remoteInfo = swiftuilearn;
		};
		5206B95625283C8E00BE4B88 /* PBXContainerItemProxy */ = {
			isa = PBXContainerItemProxy;
			containerPortal = 5206B92C25283C8C00BE4B88 /* Project object */;
			proxyType = 1;
			remoteGlobalIDString = 5206B93325283C8C00BE4B88;
			remoteInfo = swiftuilearn;
		};
/* End PBXContainerItemProxy section */

/* Begin PBXFileReference section */
		5206B93425283C8C00BE4B88 /* swiftuilearn.app */ = {isa = PBXFileReference; explicitFileType = wrapper.application; includeInIndex = 0; path = swiftuilearn.app; sourceTree = BUILT_PRODUCTS_DIR; };
		5206B93725283C8C00BE4B88 /* AppDelegate.swift */ = {isa = PBXFileReference; lastKnownFileType = sourcecode.swift; path = AppDelegate.swift; sourceTree = "<group>"; };
		5206B93925283C8C00BE4B88 /* SceneDelegate.swift */ = {isa = PBXFileReference; lastKnownFileType = sourcecode.swift; path = SceneDelegate.swift; sourceTree = "<group>"; };
		5206B93B25283C8C00BE4B88 /* ContentView.swift */ = {isa = PBXFileReference; lastKnownFileType = sourcecode.swift; path = ContentView.swift; sourceTree = "<group>"; };
		5206B94025283C8E00BE4B88 /* Preview Assets.xcassets */ = {isa = PBXFileReference; lastKnownFileType = folder.assetcatalog; path = "Preview Assets.xcassets"; sourceTree = "<group>"; };
		5206B94325283C8E00BE4B88 /* Base */ = {isa = PBXFileReference; lastKnownFileType = file.storyboard; name = Base; path = Base.lproj/LaunchScreen.storyboard; sourceTree = "<group>"; };
		5206B94525283C8E00BE4B88 /* Info.plist */ = {isa = PBXFileReference; lastKnownFileType = text.plist.xml; path = Info.plist; sourceTree = "<group>"; };
		5206B94A25283C8E00BE4B88 /* swiftuilearnTests.xctest */ = {isa = PBXFileReference; explicitFileType = wrapper.cfbundle; includeInIndex = 0; path = swiftuilearnTests.xctest; sourceTree = BUILT_PRODUCTS_DIR; };
		5206B94E25283C8E00BE4B88 /* swiftuilearnTests.swift */ = {isa = PBXFileReference; lastKnownFileType = sourcecode.swift; path = swiftuilearnTests.swift; sourceTree = "<group>"; };
		5206B95025283C8E00BE4B88 /* Info.plist */ = {isa = PBXFileReference; lastKnownFileType = text.plist.xml; path = Info.plist; sourceTree = "<group>"; };
		5206B95525283C8E00BE4B88 /* swiftuilearnUITests.xctest */ = {isa = PBXFileReference; explicitFileType = wrapper.cfbundle; includeInIndex = 0; path = swiftuilearnUITests.xctest; sourceTree = BUILT_PRODUCTS_DIR; };
		5206B95925283C8E00BE4B88 /* swiftuilearnUITests.swift */ = {isa = PBXFileReference; lastKnownFileType = sourcecode.swift; path = swiftuilearnUITests.swift; sourceTree = "<group>"; };
		5206B95B25283C8E00BE4B88 /* Info.plist */ = {isa = PBXFileReference; lastKnownFileType = text.plist.xml; path = Info.plist; sourceTree = "<group>"; };
		5206B96725283CB300BE4B88 /* Assets.xcassets */ = {isa = PBXFileReference; lastKnownFileType = folder.assetcatalog; name = Assets.xcassets; path = "../../../Downloads/SwiftUIDemo-master/SwiftUIDemo/Assets.xcassets"; sourceTree = "<group>"; };
		52537D7025297477005C6899 /* Home.swift */ = {isa = PBXFileReference; lastKnownFileType = sourcecode.swift; path = Home.swift; sourceTree = "<group>"; };
		52537D722529AB78005C6899 /* HomeList.swift */ = {isa = PBXFileReference; lastKnownFileType = sourcecode.swift; path = HomeList.swift; sourceTree = "<group>"; };
		52B90FE4252C7D73006D09B3 /* UpdateDetail.swift */ = {isa = PBXFileReference; lastKnownFileType = sourcecode.swift; path = UpdateDetail.swift; sourceTree = "<group>"; };
		52B90FE6252CA508006D09B3 /* UpdateStore.swift */ = {isa = PBXFileReference; lastKnownFileType = sourcecode.swift; path = UpdateStore.swift; sourceTree = "<group>"; };
		52B90FE8252CB162006D09B3 /* tabBar.swift */ = {isa = PBXFileReference; lastKnownFileType = sourcecode.swift; path = tabBar.swift; sourceTree = "<group>"; };
		52B90FEA252CC1FB006D09B3 /* Settings.swift */ = {isa = PBXFileReference; lastKnownFileType = sourcecode.swift; path = Settings.swift; sourceTree = "<group>"; };
		52D5E214252A198600B14199 /* BlurView.swift */ = {isa = PBXFileReference; lastKnownFileType = sourcecode.swift; path = BlurView.swift; sourceTree = "<group>"; };
		52D5E216252A22B900B14199 /* UpDateList.swift */ = {isa = PBXFileReference; lastKnownFileType = sourcecode.swift; path = UpDateList.swift; sourceTree = "<group>"; };
/* End PBXFileReference section */

/* Begin PBXFrameworksBuildPhase section */
		5206B93125283C8C00BE4B88 /* Frameworks */ = {
			isa = PBXFrameworksBuildPhase;
			buildActionMask = 2147483647;
			files = (
			);
			runOnlyForDeploymentPostprocessing = 0;
		};
		5206B94725283C8E00BE4B88 /* Frameworks */ = {
			isa = PBXFrameworksBuildPhase;
			buildActionMask = 2147483647;
			files = (
			);
			runOnlyForDeploymentPostprocessing = 0;
		};
		5206B95225283C8E00BE4B88 /* Frameworks */ = {
			isa = PBXFrameworksBuildPhase;
			buildActionMask = 2147483647;
			files = (
			);
			runOnlyForDeploymentPostprocessing = 0;
		};
/* End PBXFrameworksBuildPhase section */

/* Begin PBXGroup section */
		5206B92B25283C8C00BE4B88 = {
			isa = PBXGroup;
			children = (
				5206B93625283C8C00BE4B88 /* swiftuilearn */,
				5206B94D25283C8E00BE4B88 /* swiftuilearnTests */,
				5206B95825283C8E00BE4B88 /* swiftuilearnUITests */,
				5206B93525283C8C00BE4B88 /* Products */,
			);
			sourceTree = "<group>";
		};
		5206B93525283C8C00BE4B88 /* Products */ = {
			isa = PBXGroup;
			children = (
				5206B93425283C8C00BE4B88 /* swiftuilearn.app */,
				5206B94A25283C8E00BE4B88 /* swiftuilearnTests.xctest */,
				5206B95525283C8E00BE4B88 /* swiftuilearnUITests.xctest */,
			);
			name = Products;
			sourceTree = "<group>";
		};
		5206B93625283C8C00BE4B88 /* swiftuilearn */ = {
			isa = PBXGroup;
			children = (
				5206B93725283C8C00BE4B88 /* AppDelegate.swift */,
				5206B93925283C8C00BE4B88 /* SceneDelegate.swift */,
				52B90FE8252CB162006D09B3 /* tabBar.swift */,
				5206B93B25283C8C00BE4B88 /* ContentView.swift */,
				52537D7025297477005C6899 /* Home.swift */,
				52537D722529AB78005C6899 /* HomeList.swift */,
				52D5E214252A198600B14199 /* BlurView.swift */,
				52D5E216252A22B900B14199 /* UpDateList.swift */,
				52B90FE4252C7D73006D09B3 /* UpdateDetail.swift */,
				52B90FE6252CA508006D09B3 /* UpdateStore.swift */,
				52B90FEA252CC1FB006D09B3 /* Settings.swift */,
				5206B94225283C8E00BE4B88 /* LaunchScreen.storyboard */,
				5206B96725283CB300BE4B88 /* Assets.xcassets */,
				5206B94525283C8E00BE4B88 /* Info.plist */,
				5206B93F25283C8E00BE4B88 /* Preview Content */,
			);
			path = swiftuilearn;
			sourceTree = "<group>";
		};
		5206B93F25283C8E00BE4B88 /* Preview Content */ = {
			isa = PBXGroup;
			children = (
				5206B94025283C8E00BE4B88 /* Preview Assets.xcassets */,
			);
			path = "Preview Content";
			sourceTree = "<group>";
		};
		5206B94D25283C8E00BE4B88 /* swiftuilearnTests */ = {
			isa = PBXGroup;
			children = (
				5206B94E25283C8E00BE4B88 /* swiftuilearnTests.swift */,
				5206B95025283C8E00BE4B88 /* Info.plist */,
			);
			path = swiftuilearnTests;
			sourceTree = "<group>";
		};
		5206B95825283C8E00BE4B88 /* swiftuilearnUITests */ = {
			isa = PBXGroup;
			children = (
				5206B95925283C8E00BE4B88 /* swiftuilearnUITests.swift */,
				5206B95B25283C8E00BE4B88 /* Info.plist */,
			);
			path = swiftuilearnUITests;
			sourceTree = "<group>";
		};
/* End PBXGroup section */

/* Begin PBXNativeTarget section */
		5206B93325283C8C00BE4B88 /* swiftuilearn */ = {
			isa = PBXNativeTarget;
			buildConfigurationList = 5206B95E25283C8E00BE4B88 /* Build configuration list for PBXNativeTarget "swiftuilearn" */;
			buildPhases = (
				5206B93025283C8C00BE4B88 /* Sources */,
				5206B93125283C8C00BE4B88 /* Frameworks */,
				5206B93225283C8C00BE4B88 /* Resources */,
			);
			buildRules = (
			);
			dependencies = (
			);
			name = swiftuilearn;
			productName = swiftuilearn;
			productReference = 5206B93425283C8C00BE4B88 /* swiftuilearn.app */;
			productType = "com.apple.product-type.application";
		};
		5206B94925283C8E00BE4B88 /* swiftuilearnTests */ = {
			isa = PBXNativeTarget;
			buildConfigurationList = 5206B96125283C8E00BE4B88 /* Build configuration list for PBXNativeTarget "swiftuilearnTests" */;
			buildPhases = (
				5206B94625283C8E00BE4B88 /* Sources */,
				5206B94725283C8E00BE4B88 /* Frameworks */,
				5206B94825283C8E00BE4B88 /* Resources */,
			);
			buildRules = (
			);
			dependencies = (
				5206B94C25283C8E00BE4B88 /* PBXTargetDependency */,
			);
			name = swiftuilearnTests;
			productName = swiftuilearnTests;
			productReference = 5206B94A25283C8E00BE4B88 /* swiftuilearnTests.xctest */;
			productType = "com.apple.product-type.bundle.unit-test";
		};
		5206B95425283C8E00BE4B88 /* swiftuilearnUITests */ = {
			isa = PBXNativeTarget;
			buildConfigurationList = 5206B96425283C8E00BE4B88 /* Build configuration list for PBXNativeTarget "swiftuilearnUITests" */;
			buildPhases = (
				5206B95125283C8E00BE4B88 /* Sources */,
				5206B95225283C8E00BE4B88 /* Frameworks */,
				5206B95325283C8E00BE4B88 /* Resources */,
			);
			buildRules = (
			);
			dependencies = (
				5206B95725283C8E00BE4B88 /* PBXTargetDependency */,
			);
			name = swiftuilearnUITests;
			productName = swiftuilearnUITests;
			productReference = 5206B95525283C8E00BE4B88 /* swiftuilearnUITests.xctest */;
			productType = "com.apple.product-type.bundle.ui-testing";
		};
/* End PBXNativeTarget section */

/* Begin PBXProject section */
		5206B92C25283C8C00BE4B88 /* Project object */ = {
			isa = PBXProject;
			attributes = {
				LastSwiftUpdateCheck = 1170;
				LastUpgradeCheck = 1170;
				ORGANIZATIONNAME = "MacBook pro";
				TargetAttributes = {
					5206B93325283C8C00BE4B88 = {
						CreatedOnToolsVersion = 11.7;
					};
					5206B94925283C8E00BE4B88 = {
						CreatedOnToolsVersion = 11.7;
						TestTargetID = 5206B93325283C8C00BE4B88;
					};
					5206B95425283C8E00BE4B88 = {
						CreatedOnToolsVersion = 11.7;
						TestTargetID = 5206B93325283C8C00BE4B88;
					};
				};
			};
			buildConfigurationList = 5206B92F25283C8C00BE4B88 /* Build configuration list for PBXProject "swiftuilearn" */;
			compatibilityVersion = "Xcode 9.3";
			developmentRegion = en;
			hasScannedForEncodings = 0;
			knownRegions = (
				en,
				Base,
			);
			mainGroup = 5206B92B25283C8C00BE4B88;
			productRefGroup = 5206B93525283C8C00BE4B88 /* Products */;
			projectDirPath = "";
			projectRoot = "";
			targets = (
				5206B93325283C8C00BE4B88 /* swiftuilearn */,
				5206B94925283C8E00BE4B88 /* swiftuilearnTests */,
				5206B95425283C8E00BE4B88 /* swiftuilearnUITests */,
			);
		};
/* End PBXProject section */

/* Begin PBXResourcesBuildPhase section */
		5206B93225283C8C00BE4B88 /* Resources */ = {
			isa = PBXResourcesBuildPhase;
			buildActionMask = 2147483647;
			files = (
				5206B94425283C8E00BE4B88 /* LaunchScreen.storyboard in Resources */,
				5206B96825283CB300BE4B88 /* Assets.xcassets in Resources */,
				5206B94125283C8E00BE4B88 /* Preview Assets.xcassets in Resources */,
			);
			runOnlyForDeploymentPostprocessing = 0;
		};
		5206B94825283C8E00BE4B88 /* Resources */ = {
			isa = PBXResourcesBuildPhase;
			buildActionMask = 2147483647;
			files = (
			);
			runOnlyForDeploymentPostprocessing = 0;
		};
		5206B95325283C8E00BE4B88 /* Resources */ = {
			isa = PBXResourcesBuildPhase;
			buildActionMask = 2147483647;
			files = (
			);
			runOnlyForDeploymentPostprocessing = 0;
		};
/* End PBXResourcesBuildPhase section */

/* Begin PBXSourcesBuildPhase section */
		5206B93025283C8C00BE4B88 /* Sources */ = {
			isa = PBXSourcesBuildPhase;
			buildActionMask = 2147483647;
			files = (
				5206B93825283C8C00BE4B88 /* AppDelegate.swift in Sources */,
				52B90FE7252CA508006D09B3 /* UpdateStore.swift in Sources */,
				52537D732529AB78005C6899 /* HomeList.swift in Sources */,
				5206B93A25283C8C00BE4B88 /* SceneDelegate.swift in Sources */,
				52B90FE5252C7D73006D09B3 /* UpdateDetail.swift in Sources */,
				52537D7125297477005C6899 /* Home.swift in Sources */,
				5206B93C25283C8C00BE4B88 /* ContentView.swift in Sources */,
				52D5E215252A198600B14199 /* BlurView.swift in Sources */,
				52D5E217252A22B900B14199 /* UpDateList.swift in Sources */,
				52B90FEB252CC1FB006D09B3 /* Settings.swift in Sources */,
				52B90FE9252CB162006D09B3 /* tabBar.swift in Sources */,
			);
			runOnlyForDeploymentPostprocessing = 0;
		};
		5206B94625283C8E00BE4B88 /* Sources */ = {
			isa = PBXSourcesBuildPhase;
			buildActionMask = 2147483647;
			files = (
				5206B94F25283C8E00BE4B88 /* swiftuilearnTests.swift in Sources */,
			);
			runOnlyForDeploymentPostprocessing = 0;
		};
		5206B95125283C8E00BE4B88 /* Sources */ = {
			isa = PBXSourcesBuildPhase;
			buildActionMask = 2147483647;
			files = (
				5206B95A25283C8E00BE4B88 /* swiftuilearnUITests.swift in Sources */,
			);
			runOnlyForDeploymentPostprocessing = 0;
		};
/* End PBXSourcesBuildPhase section */

/* Begin PBXTargetDependency section */
		5206B94C25283C8E00BE4B88 /* PBXTargetDependency */ = {
			isa = PBXTargetDependency;
			target = 5206B93325283C8C00BE4B88 /* swiftuilearn */;
			targetProxy = 5206B94B25283C8E00BE4B88 /* PBXContainerItemProxy */;
		};
		5206B95725283C8E00BE4B88 /* PBXTargetDependency */ = {
			isa = PBXTargetDependency;
			target = 5206B93325283C8C00BE4B88 /* swiftuilearn */;
			targetProxy = 5206B95625283C8E00BE4B88 /* PBXContainerItemProxy */;
		};
/* End PBXTargetDependency section */

/* Begin PBXVariantGroup section */
		5206B94225283C8E00BE4B88 /* LaunchScreen.storyboard */ = {
			isa = PBXVariantGroup;
			children = (
				5206B94325283C8E00BE4B88 /* Base */,
			);
			name = LaunchScreen.storyboard;
			sourceTree = "<group>";
		};
/* End PBXVariantGroup section */

/* Begin XCBuildConfiguration section */
		5206B95C25283C8E00BE4B88 /* Debug */ = {
			isa = XCBuildConfiguration;
			buildSettings = {
				ALWAYS_SEARCH_USER_PATHS = NO;
				CLANG_ANALYZER_NONNULL = YES;
				CLANG_ANALYZER_NUMBER_OBJECT_CONVERSION = YES_AGGRESSIVE;
				CLANG_CXX_LANGUAGE_STANDARD = "gnu++14";
				CLANG_CXX_LIBRARY = "libc++";
				CLANG_ENABLE_MODULES = YES;
				CLANG_ENABLE_OBJC_ARC = YES;
				CLANG_ENABLE_OBJC_WEAK = YES;
				CLANG_WARN_BLOCK_CAPTURE_AUTORELEASING = YES;
				CLANG_WARN_BOOL_CONVERSION = YES;
				CLANG_WARN_COMMA = YES;
				CLANG_WARN_CONSTANT_CONVERSION = YES;
				CLANG_WARN_DEPRECATED_OBJC_IMPLEMENTATIONS = YES;
				CLANG_WARN_DIRECT_OBJC_ISA_USAGE = YES_ERROR;
				CLANG_WARN_DOCUMENTATION_COMMENTS = YES;
				CLANG_WARN_EMPTY_BODY = YES;
				CLANG_WARN_ENUM_CONVERSION = YES;
				CLANG_WARN_INFINITE_RECURSION = YES;
				CLANG_WARN_INT_CONVERSION = YES;
				CLANG_WARN_NON_LITERAL_NULL_CONVERSION = YES;
				CLANG_WARN_OBJC_IMPLICIT_RETAIN_SELF = YES;
				CLANG_WARN_OBJC_LITERAL_CONVERSION = YES;
				CLANG_WARN_OBJC_ROOT_CLASS = YES_ERROR;
				CLANG_WARN_RANGE_LOOP_ANALYSIS = YES;
				CLANG_WARN_STRICT_PROTOTYPES = YES;
				CLANG_WARN_SUSPICIOUS_MOVE = YES;
				CLANG_WARN_UNGUARDED_AVAILABILITY = YES_AGGRESSIVE;
				CLANG_WARN_UNREACHABLE_CODE = YES;
				CLANG_WARN__DUPLICATE_METHOD_MATCH = YES;
				COPY_PHASE_STRIP = NO;
				DEBUG_INFORMATION_FORMAT = dwarf;
				ENABLE_STRICT_OBJC_MSGSEND = YES;
				ENABLE_TESTABILITY = YES;
				GCC_C_LANGUAGE_STANDARD = gnu11;
				GCC_DYNAMIC_NO_PIC = NO;
				GCC_NO_COMMON_BLOCKS = YES;
				GCC_OPTIMIZATION_LEVEL = 0;
				GCC_PREPROCESSOR_DEFINITIONS = (
					"DEBUG=1",
					"$(inherited)",
				);
				GCC_WARN_64_TO_32_BIT_CONVERSION = YES;
				GCC_WARN_ABOUT_RETURN_TYPE = YES_ERROR;
				GCC_WARN_UNDECLARED_SELECTOR = YES;
				GCC_WARN_UNINITIALIZED_AUTOS = YES_AGGRESSIVE;
				GCC_WARN_UNUSED_FUNCTION = YES;
				GCC_WARN_UNUSED_VARIABLE = YES;
				IPHONEOS_DEPLOYMENT_TARGET = 13.7;
				MTL_ENABLE_DEBUG_INFO = INCLUDE_SOURCE;
				MTL_FAST_MATH = YES;
				ONLY_ACTIVE_ARCH = YES;
				SDKROOT = iphoneos;
				SWIFT_ACTIVE_COMPILATION_CONDITIONS = DEBUG;
				SWIFT_OPTIMIZATION_LEVEL = "-Onone";
			};
			name = Debug;
		};
		5206B95D25283C8E00BE4B88 /* Release */ = {
			isa = XCBuildConfiguration;
			buildSettings = {
				ALWAYS_SEARCH_USER_PATHS = NO;
				CLANG_ANALYZER_NONNULL = YES;
				CLANG_ANALYZER_NUMBER_OBJECT_CONVERSION = YES_AGGRESSIVE;
				CLANG_CXX_LANGUAGE_STANDARD = "gnu++14";
				CLANG_CXX_LIBRARY = "libc++";
				CLANG_ENABLE_MODULES = YES;
				CLANG_ENABLE_OBJC_ARC = YES;
				CLANG_ENABLE_OBJC_WEAK = YES;
				CLANG_WARN_BLOCK_CAPTURE_AUTORELEASING = YES;
				CLANG_WARN_BOOL_CONVERSION = YES;
				CLANG_WARN_COMMA = YES;
				CLANG_WARN_CONSTANT_CONVERSION = YES;
				CLANG_WARN_DEPRECATED_OBJC_IMPLEMENTATIONS = YES;
				CLANG_WARN_DIRECT_OBJC_ISA_USAGE = YES_ERROR;
				CLANG_WARN_DOCUMENTATION_COMMENTS = YES;
				CLANG_WARN_EMPTY_BODY = YES;
				CLANG_WARN_ENUM_CONVERSION = YES;
				CLANG_WARN_INFINITE_RECURSION = YES;
				CLANG_WARN_INT_CONVERSION = YES;
				CLANG_WARN_NON_LITERAL_NULL_CONVERSION = YES;
				CLANG_WARN_OBJC_IMPLICIT_RETAIN_SELF = YES;
				CLANG_WARN_OBJC_LITERAL_CONVERSION = YES;
				CLANG_WARN_OBJC_ROOT_CLASS = YES_ERROR;
				CLANG_WARN_RANGE_LOOP_ANALYSIS = YES;
				CLANG_WARN_STRICT_PROTOTYPES = YES;
				CLANG_WARN_SUSPICIOUS_MOVE = YES;
				CLANG_WARN_UNGUARDED_AVAILABILITY = YES_AGGRESSIVE;
				CLANG_WARN_UNREACHABLE_CODE = YES;
				CLANG_WARN__DUPLICATE_METHOD_MATCH = YES;
				COPY_PHASE_STRIP = NO;
				DEBUG_INFORMATION_FORMAT = "dwarf-with-dsym";
				ENABLE_NS_ASSERTIONS = NO;
				ENABLE_STRICT_OBJC_MSGSEND = YES;
				GCC_C_LANGUAGE_STANDARD = gnu11;
				GCC_NO_COMMON_BLOCKS = YES;
				GCC_WARN_64_TO_32_BIT_CONVERSION = YES;
				GCC_WARN_ABOUT_RETURN_TYPE = YES_ERROR;
				GCC_WARN_UNDECLARED_SELECTOR = YES;
				GCC_WARN_UNINITIALIZED_AUTOS = YES_AGGRESSIVE;
				GCC_WARN_UNUSED_FUNCTION = YES;
				GCC_WARN_UNUSED_VARIABLE = YES;
				IPHONEOS_DEPLOYMENT_TARGET = 13.7;
				MTL_ENABLE_DEBUG_INFO = NO;
				MTL_FAST_MATH = YES;
				SDKROOT = iphoneos;
				SWIFT_COMPILATION_MODE = wholemodule;
				SWIFT_OPTIMIZATION_LEVEL = "-O";
				VALIDATE_PRODUCT = YES;
			};
			name = Release;
		};
		5206B95F25283C8E00BE4B88 /* Debug */ = {
			isa = XCBuildConfiguration;
			buildSettings = {
				ASSETCATALOG_COMPILER_APPICON_NAME = AppIcon;
				CODE_SIGN_STYLE = Automatic;
				DEVELOPMENT_ASSET_PATHS = "\"swiftuilearn/Preview Content\"";
				DEVELOPMENT_TEAM = BDRZQDX2J4;
				ENABLE_PREVIEWS = YES;
				INFOPLIST_FILE = swiftuilearn/Info.plist;
				IPHONEOS_DEPLOYMENT_TARGET = 13.3;
				LD_RUNPATH_SEARCH_PATHS = (
					"$(inherited)",
					"@executable_path/Frameworks",
				);
				PRODUCT_BUNDLE_IDENTIFIER = kkkak.swiftuilearn;
				PRODUCT_NAME = "$(TARGET_NAME)";
				SWIFT_VERSION = 5.0;
				TARGETED_DEVICE_FAMILY = "1,2";
			};
			name = Debug;
		};
		5206B96025283C8E00BE4B88 /* Release */ = {
			isa = XCBuildConfiguration;
			buildSettings = {
				ASSETCATALOG_COMPILER_APPICON_NAME = AppIcon;
				CODE_SIGN_STYLE = Automatic;
				DEVELOPMENT_ASSET_PATHS = "\"swiftuilearn/Preview Content\"";
				DEVELOPMENT_TEAM = BDRZQDX2J4;
				ENABLE_PREVIEWS = YES;
				INFOPLIST_FILE = swiftuilearn/Info.plist;
				IPHONEOS_DEPLOYMENT_TARGET = 13.3;
				LD_RUNPATH_SEARCH_PATHS = (
					"$(inherited)",
					"@executable_path/Frameworks",
				);
				PRODUCT_BUNDLE_IDENTIFIER = kkkak.swiftuilearn;
				PRODUCT_NAME = "$(TARGET_NAME)";
				SWIFT_VERSION = 5.0;
				TARGETED_DEVICE_FAMILY = "1,2";
			};
			name = Release;
		};
		5206B96225283C8E00BE4B88 /* Debug */ = {
			isa = XCBuildConfiguration;
			buildSettings = {
				ALWAYS_EMBED_SWIFT_STANDARD_LIBRARIES = YES;
				BUNDLE_LOADER = "$(TEST_HOST)";
				CODE_SIGN_STYLE = Automatic;
				INFOPLIST_FILE = swiftuilearnTests/Info.plist;
				IPHONEOS_DEPLOYMENT_TARGET = 13.7;
				LD_RUNPATH_SEARCH_PATHS = (
					"$(inherited)",
					"@executable_path/Frameworks",
					"@loader_path/Frameworks",
				);
				PRODUCT_BUNDLE_IDENTIFIER = kkkak.swiftuilearnTests;
				PRODUCT_NAME = "$(TARGET_NAME)";
				SWIFT_VERSION = 5.0;
				TARGETED_DEVICE_FAMILY = "1,2";
				TEST_HOST = "$(BUILT_PRODUCTS_DIR)/swiftuilearn.app/swiftuilearn";
			};
			name = Debug;
		};
		5206B96325283C8E00BE4B88 /* Release */ = {
			isa = XCBuildConfiguration;
			buildSettings = {
				ALWAYS_EMBED_SWIFT_STANDARD_LIBRARIES = YES;
				BUNDLE_LOADER = "$(TEST_HOST)";
				CODE_SIGN_STYLE = Automatic;
				INFOPLIST_FILE = swiftuilearnTests/Info.plist;
				IPHONEOS_DEPLOYMENT_TARGET = 13.7;
				LD_RUNPATH_SEARCH_PATHS = (
					"$(inherited)",
					"@executable_path/Frameworks",
					"@loader_path/Frameworks",
				);
				PRODUCT_BUNDLE_IDENTIFIER = kkkak.swiftuilearnTests;
				PRODUCT_NAME = "$(TARGET_NAME)";
				SWIFT_VERSION = 5.0;
				TARGETED_DEVICE_FAMILY = "1,2";
				TEST_HOST = "$(BUILT_PRODUCTS_DIR)/swiftuilearn.app/swiftuilearn";
			};
			name = Release;
		};
		5206B96525283C8E00BE4B88 /* Debug */ = {
			isa = XCBuildConfiguration;
			buildSettings = {
				ALWAYS_EMBED_SWIFT_STANDARD_LIBRARIES = YES;
				CODE_SIGN_STYLE = Automatic;
				INFOPLIST_FILE = swiftuilearnUITests/Info.plist;
				LD_RUNPATH_SEARCH_PATHS = (
					"$(inherited)",
					"@executable_path/Frameworks",
					"@loader_path/Frameworks",
				);
				PRODUCT_BUNDLE_IDENTIFIER = kkkak.swiftuilearnUITests;
				PRODUCT_NAME = "$(TARGET_NAME)";
				SWIFT_VERSION = 5.0;
				TARGETED_DEVICE_FAMILY = "1,2";
				TEST_TARGET_NAME = swiftuilearn;
			};
			name = Debug;
		};
		5206B96625283C8E00BE4B88 /* Release */ = {
			isa = XCBuildConfiguration;
			buildSettings = {
				ALWAYS_EMBED_SWIFT_STANDARD_LIBRARIES = YES;
				CODE_SIGN_STYLE = Automatic;
				INFOPLIST_FILE = swiftuilearnUITests/Info.plist;
				LD_RUNPATH_SEARCH_PATHS = (
					"$(inherited)",
					"@executable_path/Frameworks",
					"@loader_path/Frameworks",
				);
				PRODUCT_BUNDLE_IDENTIFIER = kkkak.swiftuilearnUITests;
				PRODUCT_NAME = "$(TARGET_NAME)";
				SWIFT_VERSION = 5.0;
				TARGETED_DEVICE_FAMILY = "1,2";
				TEST_TARGET_NAME = swiftuilearn;
			};
			name = Release;
		};
/* End XCBuildConfiguration section */

/* Begin XCConfigurationList section */
		5206B92F25283C8C00BE4B88 /* Build configuration list for PBXProject "swiftuilearn" */ = {
			isa = XCConfigurationList;
			buildConfigurations = (
				5206B95C25283C8E00BE4B88 /* Debug */,
				5206B95D25283C8E00BE4B88 /* Release */,
			);
			defaultConfigurationIsVisible = 0;
			defaultConfigurationName = Release;
		};
		5206B95E25283C8E00BE4B88 /* Build configuration list for PBXNativeTarget "swiftuilearn" */ = {
			isa = XCConfigurationList;
			buildConfigurations = (
				5206B95F25283C8E00BE4B88 /* Debug */,
				5206B96025283C8E00BE4B88 /* Release */,
			);
			defaultConfigurationIsVisible = 0;
			defaultConfigurationName = Release;
		};
		5206B96125283C8E00BE4B88 /* Build configuration list for PBXNativeTarget "swiftuilearnTests" */ = {
			isa = XCConfigurationList;
			buildConfigurations = (
				5206B96225283C8E00BE4B88 /* Debug */,
				5206B96325283C8E00BE4B88 /* Release */,
			);
			defaultConfigurationIsVisible = 0;
			defaultConfigurationName = Release;
		};
		5206B96425283C8E00BE4B88 /* Build configuration list for PBXNativeTarget "swiftuilearnUITests" */ = {
			isa = XCConfigurationList;
			buildConfigurations = (
				5206B96525283C8E00BE4B88 /* Debug */,
				5206B96625283C8E00BE4B88 /* Release */,
			);
			defaultConfigurationIsVisible = 0;
			defaultConfigurationName = Release;
		};
/* End XCConfigurationList section */
	};
	rootObject = 5206B92C25283C8C00BE4B88 /* Project object */;
}
